
Microsoft Visual Studio Solution File, Format Version 12.00
# Visual Studio Version 16
VisualStudioVersion = 16.0.29123.88
MinimumVisualStudioVersion = 10.0.40219.1
Project("{FAE04EC0-301F-11D3-BF4B-00C04F79EFBC}") = "api-ef-core-v2-2", "api-ef-core-v2-2.csproj", "{B4747739-BCCE-4920-A38B-AB1FAF77AA8D}"
EndProject
Global
	GlobalSection(SolutionConfigurationPlatforms) = preSolution
		Debug|Any CPU = Debug|Any CPU
		Release|Any CPU = Release|Any CPU
	EndGlobalSection
	GlobalSection(ProjectConfigurationPlatforms) = postSolution
		{B4747739-BCCE-4920-A38B-AB1FAF77AA8D}.Debug|Any CPU.ActiveCfg = Debug|Any CPU
		{B4747739-BCCE-4920-A38B-AB1FAF77AA8D}.Debug|Any CPU.Build.0 = Debug|Any CPU
		{B4747739-BCCE-4920-A38B-AB1FAF77AA8D}.Release|Any CPU.ActiveCfg = Release|Any CPU
		{B4747739-BCCE-4920-A38B-AB1FAF77AA8D}.Release|Any CPU.Build.0 = Release|Any CPU
	EndGlobalSection
	GlobalSection(SolutionProperties) = preSolution
		HideSolutionNode = FALSE
	EndGlobalSection
	GlobalSection(ExtensibilityGlobals) = postSolution
		SolutionGuid = {42B5031A-FE87-4456-8B7B-F878C706CBDD}
	EndGlobalSection
EndGlobal
