
Microsoft Visual Studio Solution File, Format Version 12.00
# Visual Studio Version 16
VisualStudioVersion = 16.0.29409.12
MinimumVisualStudioVersion = 10.0.40219.1
Project("{9A19103F-16F7-4668-BE54-9A1E7A4F7556}") = "core3-ef-15min", "core3-ef-15min.csproj", "{7C8DCC0B-E449-498D-9592-5ACEFFC19088}"
EndProject
Global
	GlobalSection(SolutionConfigurationPlatforms) = preSolution
		Debug|Any CPU = Debug|Any CPU
		Release|Any CPU = Release|Any CPU
	EndGlobalSection
	GlobalSection(ProjectConfigurationPlatforms) = postSolution
		{7C8DCC0B-E449-498D-9592-5ACEFFC19088}.Debug|Any CPU.ActiveCfg = Debug|Any CPU
		{7C8DCC0B-E449-498D-9592-5ACEFFC19088}.Debug|Any CPU.Build.0 = Debug|Any CPU
		{7C8DCC0B-E449-498D-9592-5ACEFFC19088}.Release|Any CPU.ActiveCfg = Release|Any CPU
		{7C8DCC0B-E449-498D-9592-5ACEFFC19088}.Release|Any CPU.Build.0 = Release|Any CPU
	EndGlobalSection
	GlobalSection(SolutionProperties) = preSolution
		HideSolutionNode = FALSE
	EndGlobalSection
	GlobalSection(ExtensibilityGlobals) = postSolution
		SolutionGuid = {A3814A76-9F36-4126-9954-1BE1B8F40CF3}
	EndGlobalSection
EndGlobal
